
Microsoft Visual Studio Solution File, Format Version 12.00
# Visual Studio Version 17
VisualStudioVersion = 17.10.35013.160
MinimumVisualStudioVersion = 10.0.40219.1
Project("{FAE04EC0-301F-11D3-BF4B-00C04F79EFBC}") = "DanteRewind", "DanteRewind.csproj", "{4EB1DD93-0C50-404A-BC35-48E000CCAA37}"
EndProject
Global
	GlobalSection(SolutionConfigurationPlatforms) = preSolution
		Debug|Any CPU = Debug|Any CPU
		Release|Any CPU = Release|Any CPU
	EndGlobalSection
	GlobalSection(ProjectConfigurationPlatforms) = postSolution
		{4EB1DD93-0C50-404A-BC35-48E000CCAA37}.Debug|Any CPU.ActiveCfg = Debug|Any CPU
		{4EB1DD93-0C50-404A-BC35-48E000CCAA37}.Debug|Any CPU.Build.0 = Debug|Any CPU
		{4EB1DD93-0C50-404A-BC35-48E000CCAA37}.Release|Any CPU.ActiveCfg = Release|Any CPU
		{4EB1DD93-0C50-404A-BC35-48E000CCAA37}.Release|Any CPU.Build.0 = Release|Any CPU
	EndGlobalSection
	GlobalSection(SolutionProperties) = preSolution
		HideSolutionNode = FALSE
	EndGlobalSection
	GlobalSection(ExtensibilityGlobals) = postSolution
		SolutionGuid = {3D676A25-AED9-4518-8A84-2F068FFF0C8A}
	EndGlobalSection
EndGlobal
